
Microsoft Visual Studio Solution File, Format Version 12.00
# Visual Studio Version 17
VisualStudioVersion = 17.14.36429.23 d17.14
MinimumVisualStudioVersion = 10.0.40219.1
Project("{FAE04EC0-301F-11D3-BF4B-00C04F79EFBC}") = "PdfMerger", "PdfMerger\PdfMerger.csproj", "{B8B5D16F-5784-4F61-92E1-8008719CBE1B}"
EndProject
Global
	GlobalSection(SolutionConfigurationPlatforms) = preSolution
		Debug|Any CPU = Debug|Any CPU
		Release|Any CPU = Release|Any CPU
	EndGlobalSection
	GlobalSection(ProjectConfigurationPlatforms) = postSolution
		{B8B5D16F-5784-4F61-92E1-8008719CBE1B}.Debug|Any CPU.ActiveCfg = Debug|Any CPU
		{B8B5D16F-5784-4F61-92E1-8008719CBE1B}.Debug|Any CPU.Build.0 = Debug|Any CPU
		{B8B5D16F-5784-4F61-92E1-8008719CBE1B}.Release|Any CPU.ActiveCfg = Release|Any CPU
		{B8B5D16F-5784-4F61-92E1-8008719CBE1B}.Release|Any CPU.Build.0 = Release|Any CPU
	EndGlobalSection
	GlobalSection(SolutionProperties) = preSolution
		HideSolutionNode = FALSE
	EndGlobalSection
	GlobalSection(ExtensibilityGlobals) = postSolution
		SolutionGuid = {98210B5F-2392-42C2-8F28-19D6F57765F7}
	EndGlobalSection
EndGlobal
